hash: 5637f20b78c477a01d5ce0291e9749aaa647b8bea7e88c6fad87efcb565fc2b2
updated: 2016-03-30T14:20:21.972836625-05:00
imports:
- name: github.com/codegangsta/cli
  version: bc465becccd1d527002fda095fc3c19d9c115029
- name: github.com/DataDog/datadog-go
  version: cc2f4770f4d61871e19bfee967bc767fe730b0d9
  subpackages:
  - statsd
- name: github.com/miekg/dns
  version: 7e024ce8ce18b21b475ac6baf8fa3c42536bf2fa
devImports: []
